core:changelogs:
  - content: "---\npackages:\n  npm:@samva/editor:\n    type: minor\n---\n\n## Hosts can prepare preview documents before parsing\n\n`EditorProvider` accepts `preparePreviewDocument`, and `@samva/editor/shell` exports\n`PreparedPreviewDocument`. Canvas and Preview write the prepared HTML, then mount host resources\nbefore measurement and paint. Resources are cleaned up for their exact document on replacement,\nunmount, and StrictMode replay. Replacing the preparation callback replaces the preview frames.\n"
    filename: editor-preview-document-preparation.md
    v: 0.0.0
core:packages:
  - changelogIds:
      - editor-preview-document-preparation.md
    id: npm:@samva/editor
    updated: true
  - id: npm:@samva/vite
    updated: true
  - id: npm:@samva/markup
    updated: true
npm:packages:
  - id: npm:@samva/editor
  - id: npm:@samva/vite
  - id: npm:@samva/markup
