core:changelogs:
  - content: "---\npackages:\n  npm:@samva/markup:\n    type: patch\n---\n\n## Diagnostics carry their upgrade recipe\n\nA template diagnostic whose code marks an incompatible template format now includes `upgrade`, the\nagent instructions for migrating the template, in structured results and after `Fix:` in formatted\noutput.\n"
    filename: diagnostic-upgrade-recipes.md
    v: 0.0.0
core:packages:
  - changelogIds:
      - diagnostic-upgrade-recipes.md
    id: npm:@samva/markup
    updated: true
  - id: npm:@samva/vite
    updated: true
  - id: npm:@samva/editor
    updated: true
npm:packages:
  - id: npm:@samva/markup
  - id: npm:@samva/vite
  - id: npm:@samva/editor
